<?xml version="1.0" encoding="utf-8"?>
<Project ToolsVersion="4.0" xmlns="http://schemas.microsoft.com/developer/msbuild/2003">
  <ItemGroup>
    <ClCompile Include="..\src\garmin\jeeps\gpsapp.c">
      <Filter>Source Files</Filter>
    </ClCompile>
    <ClCompile Include="..\src\garmin\jeeps\gpscom.c">
      <Filter>Source Files</Filter>
    </ClCompile>
    <ClCompile Include="..\src\garmin\jeeps\gpsmath.c">
      <Filter>Source Files</Filter>
    </ClCompile>
    <ClCompile Include="..\src\garmin\jeeps\gpsmem.c">
      <Filter>Source Files</Filter>
    </ClCompile>
    <ClCompile Include="..\src\garmin\jeeps\gpsprot.c">
      <Filter>Source Files</Filter>
    </ClCompile>
    <ClCompile Include="..\src\garmin\jeeps\gpsread.c">
      <Filter>Source Files</Filter>
    </ClCompile>
    <ClCompile Include="..\src\garmin\jeeps\gpsdevice.c">
      <Filter>Source Files</Filter>
    </ClCompile>
    <ClCompile Include="..\src\garmin\jeeps\gpsdevice_ser.c">
      <Filter>Source Files</Filter>
    </ClCompile>
    <ClCompile Include="..\src\garmin\jeeps\gpsdevice_usb.c">
      <Filter>Source Files</Filter>
    </ClCompile>
    <ClCompile Include="..\src\garmin\jeeps\gpsrqst.c">
      <Filter>Source Files</Filter>
    </ClCompile>
    <ClCompile Include="..\src\garmin\jeeps\gpssend.c">
      <Filter>Source Files</Filter>
    </ClCompile>
    <ClCompile Include="..\src\garmin\jeeps\gpsserial.c">
      <Filter>Source Files</Filter>
    </ClCompile>
    <ClCompile Include="..\src\garmin\jeeps\gpsutil.c">
      <Filter>Source Files</Filter>
    </ClCompile>
    <ClCompile Include="..\src\garmin\jeeps\gpsusbread.c">
      <Filter>Source Files</Filter>
    </ClCompile>
    <ClCompile Include="..\src\garmin\jeeps\gpsusbsend.c">
      <Filter>Source Files</Filter>
    </ClCompile>
    <ClCompile Include="..\src\garmin\jeeps\gpsusbcommon.c">
      <Filter>Source Files</Filter>
    </ClCompile>
    <ClCompile Include="..\src\garmin\jeeps\garmin_wrapper_utils.c">
      <Filter>Source Files</Filter>
    </ClCompile>
    <ClCompile Include="..\src\garmin\jeeps\garmin_wrapper.cpp">
      <Filter>Source Files</Filter>
    </ClCompile>
    <ClCompile Include="..\src\garmin\jeeps\gpsusbwin.c">
      <Filter>Source Files</Filter>
    </ClCompile>
  </ItemGroup>
  <ItemGroup>
    <ClInclude Include="..\src\garmin\jeeps\garmin_gps.h">
      <Filter>Header Files</Filter>
    </ClInclude>
    <ClInclude Include="..\src\garmin\jeeps\garmin_wrapper.h">
      <Filter>Header Files</Filter>
    </ClInclude>
    <ClInclude Include="..\src\garmin\jeeps\gpsapp.h">
      <Filter>Header Files</Filter>
    </ClInclude>
    <ClInclude Include="..\src\garmin\jeeps\gpsdatum.h">
      <Filter>Header Files</Filter>
    </ClInclude>
    <ClInclude Include="..\src\garmin\jeeps\gpsfmt.h">
      <Filter>Header Files</Filter>
    </ClInclude>
    <ClInclude Include="..\src\garmin\jeeps\gpsmath.h">
      <Filter>Header Files</Filter>
    </ClInclude>
    <ClInclude Include="..\src\garmin\jeeps\gpsport.h">
      <Filter>Header Files</Filter>
    </ClInclude>
    <ClInclude Include="..\src\garmin\jeeps\gpsprot.h">
      <Filter>Header Files</Filter>
    </ClInclude>
    <ClInclude Include="..\src\garmin\jeeps\gpsrqst.h">
      <Filter>Header Files</Filter>
    </ClInclude>
    <ClInclude Include="..\src\garmin\jeeps\gpsserial.h">
      <Filter>Header Files</Filter>
    </ClInclude>
    <ClInclude Include="..\src\garmin\jeeps\gpsusbint.h">
      <Filter>Header Files</Filter>
    </ClInclude>
    <ClInclude Include="..\src\garmin\jeeps\garminusb.h">
      <Filter>Header Files</Filter>
    </ClInclude>
    <ClInclude Include="..\src\garmin\jeeps\garmin_wrapper_utils.h">
      <Filter>Header Files</Filter>
    </ClInclude>
    <ClInclude Include="..\src\garmin\jeeps\gpscom.h">
      <Filter>Header Files</Filter>
    </ClInclude>
    <ClInclude Include="..\src\garmin\jeeps\gpsdevice.h">
      <Filter>Header Files</Filter>
    </ClInclude>
    <ClInclude Include="..\src\garmin\jeeps\gpsinput.h">
      <Filter>Header Files</Filter>
    </ClInclude>
    <ClInclude Include="..\src\garmin\jeeps\gpsmem.h">
      <Filter>Header Files</Filter>
    </ClInclude>
    <ClInclude Include="..\src\garmin\jeeps\gpsproj.h">
      <Filter>Header Files</Filter>
    </ClInclude>
    <ClInclude Include="..\src\garmin\jeeps\gpsread.h">
      <Filter>Header Files</Filter>
    </ClInclude>
    <ClInclude Include="..\src\garmin\jeeps\gpssend.h">
      <Filter>Header Files</Filter>
    </ClInclude>
    <ClInclude Include="..\src\garmin\jeeps\gpsusbcommon.h">
      <Filter>Header Files</Filter>
    </ClInclude>
    <ClInclude Include="..\src\garmin\jeeps\gpsutil.h">
      <Filter>Header Files</Filter>
    </ClInclude>
  </ItemGroup>
  <ItemGroup>
    <CustomBuild Include="..\CMakeLists.txt" />
  </ItemGroup>
  <ItemGroup>
    <Filter Include="Source Files">
      <UniqueIdentifier>{F0C449FD-6824-46AF-A179-464EB52BA98D}</UniqueIdentifier>
    </Filter>
    <Filter Include="Header Files">
      <UniqueIdentifier>{9832F29D-05B4-4906-9277-ADE8EA99A054}</UniqueIdentifier>
    </Filter>
  </ItemGroup>
</Project>
