Microsoft Visual Studio Solution File, Format Version 11.00
# Visual C++ Express 2010
Project("{8BC9CEB8-8B4A-11D0-8D11-00A0C91BC942}") = "ALL_BUILD", "ALL_BUILD.vcxproj", "{D6AFAAD1-1B1E-42A0-B0E8-93B1ABEA2910}"
	ProjectSection(ProjectDependencies) = postProject
		{6CE74CE3-2149-4398-8BEC-89F7E53B5996} = {6CE74CE3-2149-4398-8BEC-89F7E53B5996}
		{B47AAF79-CD06-4BBF-AFCD-A27D3AC0A293} = {B47AAF79-CD06-4BBF-AFCD-A27D3AC0A293}
		{C9195C3B-111F-4889-AC3D-7A5146A2BCAE} = {C9195C3B-111F-4889-AC3D-7A5146A2BCAE}
		{0A6B9CF5-A3EC-4C91-83E6-507B1EED9160} = {0A6B9CF5-A3EC-4C91-83E6-507B1EED9160}
		{E211493A-1BD7-4BE3-8E62-8B1EF2434F3F} = {E211493A-1BD7-4BE3-8E62-8B1EF2434F3F}
		{58B487F4-A313-4C49-B882-1E0BE4A940A1} = {58B487F4-A313-4C49-B882-1E0BE4A940A1}
		{A503295B-F2D3-4A86-BBB4-4B5A2D508A53} = {A503295B-F2D3-4A86-BBB4-4B5A2D508A53}
		{DCF89C79-D494-455E-92A5-5B3777BF7B4C} = {DCF89C79-D494-455E-92A5-5B3777BF7B4C}
		{BA80992B-6630-4C83-8610-2B31E8486A33} = {BA80992B-6630-4C83-8610-2B31E8486A33}
	EndProjectSection
EndProject
Project("{8BC9CEB8-8B4A-11D0-8D11-00A0C91BC942}") = "GARMINHOST", "GARMINHOST.vcxproj", "{6CE74CE3-2149-4398-8BEC-89F7E53B5996}"
	ProjectSection(ProjectDependencies) = postProject
		{58B487F4-A313-4C49-B882-1E0BE4A940A1} = {58B487F4-A313-4C49-B882-1E0BE4A940A1}
	EndProjectSection
EndProject
Project("{8BC9CEB8-8B4A-11D0-8D11-00A0C91BC942}") = "INSTALL", "INSTALL.vcxproj", "{87FEA82B-C956-4CC2-AF34-F73D6A4F9635}"
	ProjectSection(ProjectDependencies) = postProject
		{D6AFAAD1-1B1E-42A0-B0E8-93B1ABEA2910} = {D6AFAAD1-1B1E-42A0-B0E8-93B1ABEA2910}
	EndProjectSection
EndProject
Project("{8BC9CEB8-8B4A-11D0-8D11-00A0C91BC942}") = "LIB_BZIP", "plugins\grib_pi\LIB_BZIP.vcxproj", "{B47AAF79-CD06-4BBF-AFCD-A27D3AC0A293}"
	ProjectSection(ProjectDependencies) = postProject
		{58B487F4-A313-4C49-B882-1E0BE4A940A1} = {58B487F4-A313-4C49-B882-1E0BE4A940A1}
	EndProjectSection
EndProject
Project("{8BC9CEB8-8B4A-11D0-8D11-00A0C91BC942}") = "NMEA0183", "NMEA0183.vcxproj", "{C9195C3B-111F-4889-AC3D-7A5146A2BCAE}"
	ProjectSection(ProjectDependencies) = postProject
		{58B487F4-A313-4C49-B882-1E0BE4A940A1} = {58B487F4-A313-4C49-B882-1E0BE4A940A1}
	EndProjectSection
EndProject
Project("{8BC9CEB8-8B4A-11D0-8D11-00A0C91BC942}") = "PACKAGE", "PACKAGE.vcxproj", "{F63AE16A-744F-4811-B4B1-EA57BD21D79E}"
	ProjectSection(ProjectDependencies) = postProject
		{D6AFAAD1-1B1E-42A0-B0E8-93B1ABEA2910} = {D6AFAAD1-1B1E-42A0-B0E8-93B1ABEA2910}
	EndProjectSection
EndProject
Project("{8BC9CEB8-8B4A-11D0-8D11-00A0C91BC942}") = "S57ENC", "S57ENC.vcxproj", "{0A6B9CF5-A3EC-4C91-83E6-507B1EED9160}"
	ProjectSection(ProjectDependencies) = postProject
		{58B487F4-A313-4C49-B882-1E0BE4A940A1} = {58B487F4-A313-4C49-B882-1E0BE4A940A1}
	EndProjectSection
EndProject
Project("{8BC9CEB8-8B4A-11D0-8D11-00A0C91BC942}") = "TEXCMP", "TEXCMP.vcxproj", "{E211493A-1BD7-4BE3-8E62-8B1EF2434F3F}"
	ProjectSection(ProjectDependencies) = postProject
		{58B487F4-A313-4C49-B882-1E0BE4A940A1} = {58B487F4-A313-4C49-B882-1E0BE4A940A1}
	EndProjectSection
EndProject
Project("{8BC9CEB8-8B4A-11D0-8D11-00A0C91BC942}") = "ZERO_CHECK", "ZERO_CHECK.vcxproj", "{58B487F4-A313-4C49-B882-1E0BE4A940A1}"
	ProjectSection(ProjectDependencies) = postProject
	EndProjectSection
EndProject
Project("{8BC9CEB8-8B4A-11D0-8D11-00A0C91BC942}") = "dashboard-i18n", "plugins\dashboard_pi\dashboard-i18n.vcxproj", "{C50BBDCF-201E-4A9A-AA0E-BC93937F86C1}"
	ProjectSection(ProjectDependencies) = postProject
		{58B487F4-A313-4C49-B882-1E0BE4A940A1} = {58B487F4-A313-4C49-B882-1E0BE4A940A1}
	EndProjectSection
EndProject
Project("{8BC9CEB8-8B4A-11D0-8D11-00A0C91BC942}") = "dashboard-po-update", "plugins\dashboard_pi\dashboard-po-update.vcxproj", "{01EA888D-3908-451F-A10B-0051CD4AFC08}"
	ProjectSection(ProjectDependencies) = postProject
		{58B487F4-A313-4C49-B882-1E0BE4A940A1} = {58B487F4-A313-4C49-B882-1E0BE4A940A1}
	EndProjectSection
EndProject
Project("{8BC9CEB8-8B4A-11D0-8D11-00A0C91BC942}") = "dashboard-pot-update", "plugins\dashboard_pi\dashboard-pot-update.vcxproj", "{E5E012D6-9857-496A-B5C3-4F5685548619}"
	ProjectSection(ProjectDependencies) = postProject
		{58B487F4-A313-4C49-B882-1E0BE4A940A1} = {58B487F4-A313-4C49-B882-1E0BE4A940A1}
	EndProjectSection
EndProject
Project("{8BC9CEB8-8B4A-11D0-8D11-00A0C91BC942}") = "dashboard_pi", "plugins\dashboard_pi\dashboard_pi.vcxproj", "{A503295B-F2D3-4A86-BBB4-4B5A2D508A53}"
	ProjectSection(ProjectDependencies) = postProject
		{58B487F4-A313-4C49-B882-1E0BE4A940A1} = {58B487F4-A313-4C49-B882-1E0BE4A940A1}
		{C50BBDCF-201E-4A9A-AA0E-BC93937F86C1} = {C50BBDCF-201E-4A9A-AA0E-BC93937F86C1}
		{BA80992B-6630-4C83-8610-2B31E8486A33} = {BA80992B-6630-4C83-8610-2B31E8486A33}
	EndProjectSection
EndProject
Project("{8BC9CEB8-8B4A-11D0-8D11-00A0C91BC942}") = "dummy", "dummy.vcxproj", "{AEF893C7-B34B-4013-8883-551DBEADF87B}"
	ProjectSection(ProjectDependencies) = postProject
		{58B487F4-A313-4C49-B882-1E0BE4A940A1} = {58B487F4-A313-4C49-B882-1E0BE4A940A1}
		{BA80992B-6630-4C83-8610-2B31E8486A33} = {BA80992B-6630-4C83-8610-2B31E8486A33}
	EndProjectSection
EndProject
Project("{8BC9CEB8-8B4A-11D0-8D11-00A0C91BC942}") = "grib-i18n", "plugins\grib_pi\grib-i18n.vcxproj", "{E163B130-0290-4C90-A87E-F9FC318F0E55}"
	ProjectSection(ProjectDependencies) = postProject
		{58B487F4-A313-4C49-B882-1E0BE4A940A1} = {58B487F4-A313-4C49-B882-1E0BE4A940A1}
	EndProjectSection
EndProject
Project("{8BC9CEB8-8B4A-11D0-8D11-00A0C91BC942}") = "grib-po-update", "plugins\grib_pi\grib-po-update.vcxproj", "{32E2E77F-E793-479A-B969-DCF4AF5CEF66}"
	ProjectSection(ProjectDependencies) = postProject
		{58B487F4-A313-4C49-B882-1E0BE4A940A1} = {58B487F4-A313-4C49-B882-1E0BE4A940A1}
	EndProjectSection
EndProject
Project("{8BC9CEB8-8B4A-11D0-8D11-00A0C91BC942}") = "grib-pot-update", "plugins\grib_pi\grib-pot-update.vcxproj", "{AFBF07A4-92C1-4E24-98B9-7F0075F15EB5}"
	ProjectSection(ProjectDependencies) = postProject
		{58B487F4-A313-4C49-B882-1E0BE4A940A1} = {58B487F4-A313-4C49-B882-1E0BE4A940A1}
	EndProjectSection
EndProject
Project("{8BC9CEB8-8B4A-11D0-8D11-00A0C91BC942}") = "grib_pi", "plugins\grib_pi\grib_pi.vcxproj", "{DCF89C79-D494-455E-92A5-5B3777BF7B4C}"
	ProjectSection(ProjectDependencies) = postProject
		{B47AAF79-CD06-4BBF-AFCD-A27D3AC0A293} = {B47AAF79-CD06-4BBF-AFCD-A27D3AC0A293}
		{58B487F4-A313-4C49-B882-1E0BE4A940A1} = {58B487F4-A313-4C49-B882-1E0BE4A940A1}
		{E163B130-0290-4C90-A87E-F9FC318F0E55} = {E163B130-0290-4C90-A87E-F9FC318F0E55}
		{BA80992B-6630-4C83-8610-2B31E8486A33} = {BA80992B-6630-4C83-8610-2B31E8486A33}
	EndProjectSection
EndProject
Project("{8BC9CEB8-8B4A-11D0-8D11-00A0C91BC942}") = "i18n", "i18n.vcxproj", "{3E1D47D0-6F58-4159-BF3C-91189A923037}"
	ProjectSection(ProjectDependencies) = postProject
		{58B487F4-A313-4C49-B882-1E0BE4A940A1} = {58B487F4-A313-4C49-B882-1E0BE4A940A1}
	EndProjectSection
EndProject
Project("{8BC9CEB8-8B4A-11D0-8D11-00A0C91BC942}") = "opencpn", "opencpn.vcxproj", "{BA80992B-6630-4C83-8610-2B31E8486A33}"
	ProjectSection(ProjectDependencies) = postProject
		{6CE74CE3-2149-4398-8BEC-89F7E53B5996} = {6CE74CE3-2149-4398-8BEC-89F7E53B5996}
		{C9195C3B-111F-4889-AC3D-7A5146A2BCAE} = {C9195C3B-111F-4889-AC3D-7A5146A2BCAE}
		{0A6B9CF5-A3EC-4C91-83E6-507B1EED9160} = {0A6B9CF5-A3EC-4C91-83E6-507B1EED9160}
		{E211493A-1BD7-4BE3-8E62-8B1EF2434F3F} = {E211493A-1BD7-4BE3-8E62-8B1EF2434F3F}
		{58B487F4-A313-4C49-B882-1E0BE4A940A1} = {58B487F4-A313-4C49-B882-1E0BE4A940A1}
		{3E1D47D0-6F58-4159-BF3C-91189A923037} = {3E1D47D0-6F58-4159-BF3C-91189A923037}
	EndProjectSection
EndProject
Project("{8BC9CEB8-8B4A-11D0-8D11-00A0C91BC942}") = "po-update", "po-update.vcxproj", "{6507154C-29E9-4538-B4DE-3B478580BB12}"
	ProjectSection(ProjectDependencies) = postProject
		{58B487F4-A313-4C49-B882-1E0BE4A940A1} = {58B487F4-A313-4C49-B882-1E0BE4A940A1}
	EndProjectSection
EndProject
Project("{8BC9CEB8-8B4A-11D0-8D11-00A0C91BC942}") = "pot-update", "pot-update.vcxproj", "{373FAFE1-A565-4FFD-B69D-3BB4693C5C81}"
	ProjectSection(ProjectDependencies) = postProject
		{58B487F4-A313-4C49-B882-1E0BE4A940A1} = {58B487F4-A313-4C49-B882-1E0BE4A940A1}
	EndProjectSection
EndProject
Global
	GlobalSection(SolutionConfigurationPlatforms) = preSolution
		Debug|Win32 = Debug|Win32
		Release|Win32 = Release|Win32
		MinSizeRel|Win32 = MinSizeRel|Win32
		RelWithDebInfo|Win32 = RelWithDebInfo|Win32
	EndGlobalSection
	GlobalSection(ProjectConfigurationPlatforms) = postSolution
		{D6AFAAD1-1B1E-42A0-B0E8-93B1ABEA2910}.Debug|Win32.ActiveCfg = Debug|Win32
		{D6AFAAD1-1B1E-42A0-B0E8-93B1ABEA2910}.Debug|Win32.Build.0 = Debug|Win32
		{D6AFAAD1-1B1E-42A0-B0E8-93B1ABEA2910}.Release|Win32.ActiveCfg = Release|Win32
		{D6AFAAD1-1B1E-42A0-B0E8-93B1ABEA2910}.Release|Win32.Build.0 = Release|Win32
		{D6AFAAD1-1B1E-42A0-B0E8-93B1ABEA2910}.MinSizeRel|Win32.ActiveCfg = MinSizeRel|Win32
		{D6AFAAD1-1B1E-42A0-B0E8-93B1ABEA2910}.MinSizeRel|Win32.Build.0 = MinSizeRel|Win32
		{D6AFAAD1-1B1E-42A0-B0E8-93B1ABEA2910}.RelWithDebInfo|Win32.ActiveCfg = RelWithDebInfo|Win32
		{D6AFAAD1-1B1E-42A0-B0E8-93B1ABEA2910}.RelWithDebInfo|Win32.Build.0 = RelWithDebInfo|Win32
		{6CE74CE3-2149-4398-8BEC-89F7E53B5996}.Debug|Win32.ActiveCfg = Debug|Win32
		{6CE74CE3-2149-4398-8BEC-89F7E53B5996}.Debug|Win32.Build.0 = Debug|Win32
		{6CE74CE3-2149-4398-8BEC-89F7E53B5996}.Release|Win32.ActiveCfg = Release|Win32
		{6CE74CE3-2149-4398-8BEC-89F7E53B5996}.Release|Win32.Build.0 = Release|Win32
		{6CE74CE3-2149-4398-8BEC-89F7E53B5996}.MinSizeRel|Win32.ActiveCfg = MinSizeRel|Win32
		{6CE74CE3-2149-4398-8BEC-89F7E53B5996}.MinSizeRel|Win32.Build.0 = MinSizeRel|Win32
		{6CE74CE3-2149-4398-8BEC-89F7E53B5996}.RelWithDebInfo|Win32.ActiveCfg = RelWithDebInfo|Win32
		{6CE74CE3-2149-4398-8BEC-89F7E53B5996}.RelWithDebInfo|Win32.Build.0 = RelWithDebInfo|Win32
		{87FEA82B-C956-4CC2-AF34-F73D6A4F9635}.Debug|Win32.ActiveCfg = Debug|Win32
		{87FEA82B-C956-4CC2-AF34-F73D6A4F9635}.Release|Win32.ActiveCfg = Release|Win32
		{87FEA82B-C956-4CC2-AF34-F73D6A4F9635}.MinSizeRel|Win32.ActiveCfg = MinSizeRel|Win32
		{87FEA82B-C956-4CC2-AF34-F73D6A4F9635}.RelWithDebInfo|Win32.ActiveCfg = RelWithDebInfo|Win32
		{B47AAF79-CD06-4BBF-AFCD-A27D3AC0A293}.Debug|Win32.ActiveCfg = Debug|Win32
		{B47AAF79-CD06-4BBF-AFCD-A27D3AC0A293}.Debug|Win32.Build.0 = Debug|Win32
		{B47AAF79-CD06-4BBF-AFCD-A27D3AC0A293}.Release|Win32.ActiveCfg = Release|Win32
		{B47AAF79-CD06-4BBF-AFCD-A27D3AC0A293}.Release|Win32.Build.0 = Release|Win32
		{B47AAF79-CD06-4BBF-AFCD-A27D3AC0A293}.MinSizeRel|Win32.ActiveCfg = MinSizeRel|Win32
		{B47AAF79-CD06-4BBF-AFCD-A27D3AC0A293}.MinSizeRel|Win32.Build.0 = MinSizeRel|Win32
		{B47AAF79-CD06-4BBF-AFCD-A27D3AC0A293}.RelWithDebInfo|Win32.ActiveCfg = RelWithDebInfo|Win32
		{B47AAF79-CD06-4BBF-AFCD-A27D3AC0A293}.RelWithDebInfo|Win32.Build.0 = RelWithDebInfo|Win32
		{C9195C3B-111F-4889-AC3D-7A5146A2BCAE}.Debug|Win32.ActiveCfg = Debug|Win32
		{C9195C3B-111F-4889-AC3D-7A5146A2BCAE}.Debug|Win32.Build.0 = Debug|Win32
		{C9195C3B-111F-4889-AC3D-7A5146A2BCAE}.Release|Win32.ActiveCfg = Release|Win32
		{C9195C3B-111F-4889-AC3D-7A5146A2BCAE}.Release|Win32.Build.0 = Release|Win32
		{C9195C3B-111F-4889-AC3D-7A5146A2BCAE}.MinSizeRel|Win32.ActiveCfg = MinSizeRel|Win32
		{C9195C3B-111F-4889-AC3D-7A5146A2BCAE}.MinSizeRel|Win32.Build.0 = MinSizeRel|Win32
		{C9195C3B-111F-4889-AC3D-7A5146A2BCAE}.RelWithDebInfo|Win32.ActiveCfg = RelWithDebInfo|Win32
		{C9195C3B-111F-4889-AC3D-7A5146A2BCAE}.RelWithDebInfo|Win32.Build.0 = RelWithDebInfo|Win32
		{F63AE16A-744F-4811-B4B1-EA57BD21D79E}.Debug|Win32.ActiveCfg = Debug|Win32
		{F63AE16A-744F-4811-B4B1-EA57BD21D79E}.Release|Win32.ActiveCfg = Release|Win32
		{F63AE16A-744F-4811-B4B1-EA57BD21D79E}.MinSizeRel|Win32.ActiveCfg = MinSizeRel|Win32
		{F63AE16A-744F-4811-B4B1-EA57BD21D79E}.RelWithDebInfo|Win32.ActiveCfg = RelWithDebInfo|Win32
		{0A6B9CF5-A3EC-4C91-83E6-507B1EED9160}.Debug|Win32.ActiveCfg = Debug|Win32
		{0A6B9CF5-A3EC-4C91-83E6-507B1EED9160}.Debug|Win32.Build.0 = Debug|Win32
		{0A6B9CF5-A3EC-4C91-83E6-507B1EED9160}.Release|Win32.ActiveCfg = Release|Win32
		{0A6B9CF5-A3EC-4C91-83E6-507B1EED9160}.Release|Win32.Build.0 = Release|Win32
		{0A6B9CF5-A3EC-4C91-83E6-507B1EED9160}.MinSizeRel|Win32.ActiveCfg = MinSizeRel|Win32
		{0A6B9CF5-A3EC-4C91-83E6-507B1EED9160}.MinSizeRel|Win32.Build.0 = MinSizeRel|Win32
		{0A6B9CF5-A3EC-4C91-83E6-507B1EED9160}.RelWithDebInfo|Win32.ActiveCfg = RelWithDebInfo|Win32
		{0A6B9CF5-A3EC-4C91-83E6-507B1EED9160}.RelWithDebInfo|Win32.Build.0 = RelWithDebInfo|Win32
		{E211493A-1BD7-4BE3-8E62-8B1EF2434F3F}.Debug|Win32.ActiveCfg = Debug|Win32
		{E211493A-1BD7-4BE3-8E62-8B1EF2434F3F}.Debug|Win32.Build.0 = Debug|Win32
		{E211493A-1BD7-4BE3-8E62-8B1EF2434F3F}.Release|Win32.ActiveCfg = Release|Win32
		{E211493A-1BD7-4BE3-8E62-8B1EF2434F3F}.Release|Win32.Build.0 = Release|Win32
		{E211493A-1BD7-4BE3-8E62-8B1EF2434F3F}.MinSizeRel|Win32.ActiveCfg = MinSizeRel|Win32
		{E211493A-1BD7-4BE3-8E62-8B1EF2434F3F}.MinSizeRel|Win32.Build.0 = MinSizeRel|Win32
		{E211493A-1BD7-4BE3-8E62-8B1EF2434F3F}.RelWithDebInfo|Win32.ActiveCfg = RelWithDebInfo|Win32
		{E211493A-1BD7-4BE3-8E62-8B1EF2434F3F}.RelWithDebInfo|Win32.Build.0 = RelWithDebInfo|Win32
		{58B487F4-A313-4C49-B882-1E0BE4A940A1}.Debug|Win32.ActiveCfg = Debug|Win32
		{58B487F4-A313-4C49-B882-1E0BE4A940A1}.Debug|Win32.Build.0 = Debug|Win32
		{58B487F4-A313-4C49-B882-1E0BE4A940A1}.Release|Win32.ActiveCfg = Release|Win32
		{58B487F4-A313-4C49-B882-1E0BE4A940A1}.Release|Win32.Build.0 = Release|Win32
		{58B487F4-A313-4C49-B882-1E0BE4A940A1}.MinSizeRel|Win32.ActiveCfg = MinSizeRel|Win32
		{58B487F4-A313-4C49-B882-1E0BE4A940A1}.MinSizeRel|Win32.Build.0 = MinSizeRel|Win32
		{58B487F4-A313-4C49-B882-1E0BE4A940A1}.RelWithDebInfo|Win32.ActiveCfg = RelWithDebInfo|Win32
		{58B487F4-A313-4C49-B882-1E0BE4A940A1}.RelWithDebInfo|Win32.Build.0 = RelWithDebInfo|Win32
		{C50BBDCF-201E-4A9A-AA0E-BC93937F86C1}.Debug|Win32.ActiveCfg = Debug|Win32
		{C50BBDCF-201E-4A9A-AA0E-BC93937F86C1}.Debug|Win32.Build.0 = Debug|Win32
		{C50BBDCF-201E-4A9A-AA0E-BC93937F86C1}.Release|Win32.ActiveCfg = Release|Win32
		{C50BBDCF-201E-4A9A-AA0E-BC93937F86C1}.Release|Win32.Build.0 = Release|Win32
		{C50BBDCF-201E-4A9A-AA0E-BC93937F86C1}.MinSizeRel|Win32.ActiveCfg = MinSizeRel|Win32
		{C50BBDCF-201E-4A9A-AA0E-BC93937F86C1}.MinSizeRel|Win32.Build.0 = MinSizeRel|Win32
		{C50BBDCF-201E-4A9A-AA0E-BC93937F86C1}.RelWithDebInfo|Win32.ActiveCfg = RelWithDebInfo|Win32
		{C50BBDCF-201E-4A9A-AA0E-BC93937F86C1}.RelWithDebInfo|Win32.Build.0 = RelWithDebInfo|Win32
		{01EA888D-3908-451F-A10B-0051CD4AFC08}.Debug|Win32.ActiveCfg = Debug|Win32
		{01EA888D-3908-451F-A10B-0051CD4AFC08}.Release|Win32.ActiveCfg = Release|Win32
		{01EA888D-3908-451F-A10B-0051CD4AFC08}.MinSizeRel|Win32.ActiveCfg = MinSizeRel|Win32
		{01EA888D-3908-451F-A10B-0051CD4AFC08}.RelWithDebInfo|Win32.ActiveCfg = RelWithDebInfo|Win32
		{E5E012D6-9857-496A-B5C3-4F5685548619}.Debug|Win32.ActiveCfg = Debug|Win32
		{E5E012D6-9857-496A-B5C3-4F5685548619}.Release|Win32.ActiveCfg = Release|Win32
		{E5E012D6-9857-496A-B5C3-4F5685548619}.MinSizeRel|Win32.ActiveCfg = MinSizeRel|Win32
		{E5E012D6-9857-496A-B5C3-4F5685548619}.RelWithDebInfo|Win32.ActiveCfg = RelWithDebInfo|Win32
		{A503295B-F2D3-4A86-BBB4-4B5A2D508A53}.Debug|Win32.ActiveCfg = Debug|Win32
		{A503295B-F2D3-4A86-BBB4-4B5A2D508A53}.Debug|Win32.Build.0 = Debug|Win32
		{A503295B-F2D3-4A86-BBB4-4B5A2D508A53}.Release|Win32.ActiveCfg = Release|Win32
		{A503295B-F2D3-4A86-BBB4-4B5A2D508A53}.Release|Win32.Build.0 = Release|Win32
		{A503295B-F2D3-4A86-BBB4-4B5A2D508A53}.MinSizeRel|Win32.ActiveCfg = MinSizeRel|Win32
		{A503295B-F2D3-4A86-BBB4-4B5A2D508A53}.MinSizeRel|Win32.Build.0 = MinSizeRel|Win32
		{A503295B-F2D3-4A86-BBB4-4B5A2D508A53}.RelWithDebInfo|Win32.ActiveCfg = RelWithDebInfo|Win32
		{A503295B-F2D3-4A86-BBB4-4B5A2D508A53}.RelWithDebInfo|Win32.Build.0 = RelWithDebInfo|Win32
		{AEF893C7-B34B-4013-8883-551DBEADF87B}.Debug|Win32.ActiveCfg = Debug|Win32
		{AEF893C7-B34B-4013-8883-551DBEADF87B}.Release|Win32.ActiveCfg = Release|Win32
		{AEF893C7-B34B-4013-8883-551DBEADF87B}.MinSizeRel|Win32.ActiveCfg = MinSizeRel|Win32
		{AEF893C7-B34B-4013-8883-551DBEADF87B}.RelWithDebInfo|Win32.ActiveCfg = RelWithDebInfo|Win32
		{E163B130-0290-4C90-A87E-F9FC318F0E55}.Debug|Win32.ActiveCfg = Debug|Win32
		{E163B130-0290-4C90-A87E-F9FC318F0E55}.Debug|Win32.Build.0 = Debug|Win32
		{E163B130-0290-4C90-A87E-F9FC318F0E55}.Release|Win32.ActiveCfg = Release|Win32
		{E163B130-0290-4C90-A87E-F9FC318F0E55}.Release|Win32.Build.0 = Release|Win32
		{E163B130-0290-4C90-A87E-F9FC318F0E55}.MinSizeRel|Win32.ActiveCfg = MinSizeRel|Win32
		{E163B130-0290-4C90-A87E-F9FC318F0E55}.MinSizeRel|Win32.Build.0 = MinSizeRel|Win32
		{E163B130-0290-4C90-A87E-F9FC318F0E55}.RelWithDebInfo|Win32.ActiveCfg = RelWithDebInfo|Win32
		{E163B130-0290-4C90-A87E-F9FC318F0E55}.RelWithDebInfo|Win32.Build.0 = RelWithDebInfo|Win32
		{32E2E77F-E793-479A-B969-DCF4AF5CEF66}.Debug|Win32.ActiveCfg = Debug|Win32
		{32E2E77F-E793-479A-B969-DCF4AF5CEF66}.Release|Win32.ActiveCfg = Release|Win32
		{32E2E77F-E793-479A-B969-DCF4AF5CEF66}.MinSizeRel|Win32.ActiveCfg = MinSizeRel|Win32
		{32E2E77F-E793-479A-B969-DCF4AF5CEF66}.RelWithDebInfo|Win32.ActiveCfg = RelWithDebInfo|Win32
		{AFBF07A4-92C1-4E24-98B9-7F0075F15EB5}.Debug|Win32.ActiveCfg = Debug|Win32
		{AFBF07A4-92C1-4E24-98B9-7F0075F15EB5}.Release|Win32.ActiveCfg = Release|Win32
		{AFBF07A4-92C1-4E24-98B9-7F0075F15EB5}.MinSizeRel|Win32.ActiveCfg = MinSizeRel|Win32
		{AFBF07A4-92C1-4E24-98B9-7F0075F15EB5}.RelWithDebInfo|Win32.ActiveCfg = RelWithDebInfo|Win32
		{DCF89C79-D494-455E-92A5-5B3777BF7B4C}.Debug|Win32.ActiveCfg = Debug|Win32
		{DCF89C79-D494-455E-92A5-5B3777BF7B4C}.Debug|Win32.Build.0 = Debug|Win32
		{DCF89C79-D494-455E-92A5-5B3777BF7B4C}.Release|Win32.ActiveCfg = Release|Win32
		{DCF89C79-D494-455E-92A5-5B3777BF7B4C}.Release|Win32.Build.0 = Release|Win32
		{DCF89C79-D494-455E-92A5-5B3777BF7B4C}.MinSizeRel|Win32.ActiveCfg = MinSizeRel|Win32
		{DCF89C79-D494-455E-92A5-5B3777BF7B4C}.MinSizeRel|Win32.Build.0 = MinSizeRel|Win32
		{DCF89C79-D494-455E-92A5-5B3777BF7B4C}.RelWithDebInfo|Win32.ActiveCfg = RelWithDebInfo|Win32
		{DCF89C79-D494-455E-92A5-5B3777BF7B4C}.RelWithDebInfo|Win32.Build.0 = RelWithDebInfo|Win32
		{3E1D47D0-6F58-4159-BF3C-91189A923037}.Debug|Win32.ActiveCfg = Debug|Win32
		{3E1D47D0-6F58-4159-BF3C-91189A923037}.Debug|Win32.Build.0 = Debug|Win32
		{3E1D47D0-6F58-4159-BF3C-91189A923037}.Release|Win32.ActiveCfg = Release|Win32
		{3E1D47D0-6F58-4159-BF3C-91189A923037}.Release|Win32.Build.0 = Release|Win32
		{3E1D47D0-6F58-4159-BF3C-91189A923037}.MinSizeRel|Win32.ActiveCfg = MinSizeRel|Win32
		{3E1D47D0-6F58-4159-BF3C-91189A923037}.MinSizeRel|Win32.Build.0 = MinSizeRel|Win32
		{3E1D47D0-6F58-4159-BF3C-91189A923037}.RelWithDebInfo|Win32.ActiveCfg = RelWithDebInfo|Win32
		{3E1D47D0-6F58-4159-BF3C-91189A923037}.RelWithDebInfo|Win32.Build.0 = RelWithDebInfo|Win32
		{BA80992B-6630-4C83-8610-2B31E8486A33}.Debug|Win32.ActiveCfg = Debug|Win32
		{BA80992B-6630-4C83-8610-2B31E8486A33}.Debug|Win32.Build.0 = Debug|Win32
		{BA80992B-6630-4C83-8610-2B31E8486A33}.Release|Win32.ActiveCfg = Release|Win32
		{BA80992B-6630-4C83-8610-2B31E8486A33}.Release|Win32.Build.0 = Release|Win32
		{BA80992B-6630-4C83-8610-2B31E8486A33}.MinSizeRel|Win32.ActiveCfg = MinSizeRel|Win32
		{BA80992B-6630-4C83-8610-2B31E8486A33}.MinSizeRel|Win32.Build.0 = MinSizeRel|Win32
		{BA80992B-6630-4C83-8610-2B31E8486A33}.RelWithDebInfo|Win32.ActiveCfg = RelWithDebInfo|Win32
		{BA80992B-6630-4C83-8610-2B31E8486A33}.RelWithDebInfo|Win32.Build.0 = RelWithDebInfo|Win32
		{6507154C-29E9-4538-B4DE-3B478580BB12}.Debug|Win32.ActiveCfg = Debug|Win32
		{6507154C-29E9-4538-B4DE-3B478580BB12}.Release|Win32.ActiveCfg = Release|Win32
		{6507154C-29E9-4538-B4DE-3B478580BB12}.MinSizeRel|Win32.ActiveCfg = MinSizeRel|Win32
		{6507154C-29E9-4538-B4DE-3B478580BB12}.RelWithDebInfo|Win32.ActiveCfg = RelWithDebInfo|Win32
		{373FAFE1-A565-4FFD-B69D-3BB4693C5C81}.Debug|Win32.ActiveCfg = Debug|Win32
		{373FAFE1-A565-4FFD-B69D-3BB4693C5C81}.Release|Win32.ActiveCfg = Release|Win32
		{373FAFE1-A565-4FFD-B69D-3BB4693C5C81}.MinSizeRel|Win32.ActiveCfg = MinSizeRel|Win32
		{373FAFE1-A565-4FFD-B69D-3BB4693C5C81}.RelWithDebInfo|Win32.ActiveCfg = RelWithDebInfo|Win32
	EndGlobalSection
	GlobalSection(ExtensibilityGlobals) = postSolution
	EndGlobalSection
	GlobalSection(ExtensibilityAddIns) = postSolution
	EndGlobalSection
EndGlobal
