<?xml version="1.0" encoding="utf-8"?>
<Project ToolsVersion="4.0" xmlns="http://schemas.microsoft.com/developer/msbuild/2003">
  <ItemGroup>
    <ClCompile Include="..\src\chart1.cpp">
      <Filter>Source Files</Filter>
    </ClCompile>
    <ClCompile Include="..\src\bbox.cpp">
      <Filter>Source Files</Filter>
    </ClCompile>
    <ClCompile Include="..\src\ocpn_pixel.cpp">
      <Filter>Source Files</Filter>
    </ClCompile>
    <ClCompile Include="..\src\ocpndc.cpp">
      <Filter>Source Files</Filter>
    </ClCompile>
    <ClCompile Include="..\src\chartdb.cpp">
      <Filter>Source Files</Filter>
    </ClCompile>
    <ClCompile Include="..\src\chartdbs.cpp">
      <Filter>Source Files</Filter>
    </ClCompile>
    <ClCompile Include="..\src\chartimg.cpp">
      <Filter>Source Files</Filter>
    </ClCompile>
    <ClCompile Include="..\src\chcanv.cpp">
      <Filter>Source Files</Filter>
    </ClCompile>
    <ClCompile Include="..\src\ocpCursor.cpp">
      <Filter>Source Files</Filter>
    </ClCompile>
    <ClCompile Include="..\src\TCWin.cpp">
      <Filter>Source Files</Filter>
    </ClCompile>
    <ClCompile Include="..\src\S57QueryDialog.cpp">
      <Filter>Source Files</Filter>
    </ClCompile>
    <ClCompile Include="..\src\s57RegistrarMgr.cpp">
      <Filter>Source Files</Filter>
    </ClCompile>
    <ClCompile Include="..\src\GoToPositionDialog.cpp">
      <Filter>Source Files</Filter>
    </ClCompile>
    <ClCompile Include="..\src\CM93DSlide.cpp">
      <Filter>Source Files</Filter>
    </ClCompile>
    <ClCompile Include="..\src\RolloverWin.cpp">
      <Filter>Source Files</Filter>
    </ClCompile>
    <ClCompile Include="..\src\ChInfoWin.cpp">
      <Filter>Source Files</Filter>
    </ClCompile>
    <ClCompile Include="..\src\AISTargetQueryDialog.cpp">
      <Filter>Source Files</Filter>
    </ClCompile>
    <ClCompile Include="..\src\AIS_Bitstring.cpp">
      <Filter>Source Files</Filter>
    </ClCompile>
    <ClCompile Include="..\src\AISTargetListDialog.cpp">
      <Filter>Source Files</Filter>
    </ClCompile>
    <ClCompile Include="..\src\AISTargetAlertDialog.cpp">
      <Filter>Source Files</Filter>
    </ClCompile>
    <ClCompile Include="..\src\AIS_Decoder.cpp">
      <Filter>Source Files</Filter>
    </ClCompile>
    <ClCompile Include="..\src\AIS_Target_Data.cpp">
      <Filter>Source Files</Filter>
    </ClCompile>
    <ClCompile Include="..\src\OCPNListCtrl.cpp">
      <Filter>Source Files</Filter>
    </ClCompile>
    <ClCompile Include="..\src\Quilt.cpp">
      <Filter>Source Files</Filter>
    </ClCompile>
    <ClCompile Include="..\src\Hyperlink.cpp">
      <Filter>Source Files</Filter>
    </ClCompile>
    <ClCompile Include="..\src\NavObjectCollection.cpp">
      <Filter>Source Files</Filter>
    </ClCompile>
    <ClCompile Include="..\src\RoutePoint.cpp">
      <Filter>Source Files</Filter>
    </ClCompile>
    <ClCompile Include="..\src\Route.cpp">
      <Filter>Source Files</Filter>
    </ClCompile>
    <ClCompile Include="..\src\SelectItem.cpp">
      <Filter>Source Files</Filter>
    </ClCompile>
    <ClCompile Include="..\src\Select.cpp">
      <Filter>Source Files</Filter>
    </ClCompile>
    <ClCompile Include="..\src\FontMgr.cpp">
      <Filter>Source Files</Filter>
    </ClCompile>
    <ClCompile Include="..\src\FontDesc.cpp">
      <Filter>Source Files</Filter>
    </ClCompile>
    <ClCompile Include="..\src\OCPNSoundData.cpp">
      <Filter>Source Files</Filter>
    </ClCompile>
    <ClCompile Include="..\src\OCPN_Sound.cpp">
      <Filter>Source Files</Filter>
    </ClCompile>
    <ClCompile Include="..\src\NMEALogWindow.cpp">
      <Filter>Source Files</Filter>
    </ClCompile>
    <ClCompile Include="..\src\TTYWindow.cpp">
      <Filter>Source Files</Filter>
    </ClCompile>
    <ClCompile Include="..\src\TTYScroll.cpp">
      <Filter>Source Files</Filter>
    </ClCompile>
    <ClCompile Include="..\src\SendToGpsDlg.cpp">
      <Filter>Source Files</Filter>
    </ClCompile>
    <ClCompile Include="..\src\Layer.cpp">
      <Filter>Source Files</Filter>
    </ClCompile>
    <ClCompile Include="..\src\concanv.cpp">
      <Filter>Source Files</Filter>
    </ClCompile>
    <ClCompile Include="..\src\cutil.cpp">
      <Filter>Source Files</Filter>
    </ClCompile>
    <ClCompile Include="..\src\georef.cpp">
      <Filter>Source Files</Filter>
    </ClCompile>
    <ClCompile Include="..\src\navutil.cpp">
      <Filter>Source Files</Filter>
    </ClCompile>
    <ClCompile Include="..\src\routeman.cpp">
      <Filter>Source Files</Filter>
    </ClCompile>
    <ClCompile Include="..\src\routemanagerdialog.cpp">
      <Filter>Source Files</Filter>
    </ClCompile>
    <ClCompile Include="..\src\routeprop.cpp">
      <Filter>Source Files</Filter>
    </ClCompile>
    <ClCompile Include="..\src\routeprintout.cpp">
      <Filter>Source Files</Filter>
    </ClCompile>
    <ClCompile Include="..\src\PositionParser.cpp">
      <Filter>Source Files</Filter>
    </ClCompile>
    <ClCompile Include="..\src\printtable.cpp">
      <Filter>Source Files</Filter>
    </ClCompile>
    <ClCompile Include="..\src\statwin.cpp">
      <Filter>Source Files</Filter>
    </ClCompile>
    <ClCompile Include="..\src\tcmgr.cpp">
      <Filter>Source Files</Filter>
    </ClCompile>
    <ClCompile Include="..\src\Station_Data.cpp">
      <Filter>Source Files</Filter>
    </ClCompile>
    <ClCompile Include="..\src\IDX_entry.cpp">
      <Filter>Source Files</Filter>
    </ClCompile>
    <ClCompile Include="..\src\TCDataFactory.cpp">
      <Filter>Source Files</Filter>
    </ClCompile>
    <ClCompile Include="..\src\TCDS_Ascii_Harmonic.cpp">
      <Filter>Source Files</Filter>
    </ClCompile>
    <ClCompile Include="..\src\TCDS_Binary_Harmonic.cpp">
      <Filter>Source Files</Filter>
    </ClCompile>
    <ClCompile Include="..\src\TCDataSource.cpp">
      <Filter>Source Files</Filter>
    </ClCompile>
    <ClCompile Include="..\src\thumbwin.cpp">
      <Filter>Source Files</Filter>
    </ClCompile>
    <ClCompile Include="..\src\options.cpp">
      <Filter>Source Files</Filter>
    </ClCompile>
    <ClCompile Include="..\src\gshhs.cpp">
      <Filter>Source Files</Filter>
    </ClCompile>
    <ClCompile Include="..\src\kml.cpp">
      <Filter>Source Files</Filter>
    </ClCompile>
    <ClCompile Include="..\src\undo.cpp">
      <Filter>Source Files</Filter>
    </ClCompile>
    <ClCompile Include="..\src\about.cpp">
      <Filter>Source Files</Filter>
    </ClCompile>
    <ClCompile Include="..\src\ais.cpp">
      <Filter>Source Files</Filter>
    </ClCompile>
    <ClCompile Include="..\src\pluginmanager.cpp">
      <Filter>Source Files</Filter>
    </ClCompile>
    <ClCompile Include="..\src\gpxdocument.cpp">
      <Filter>Source Files</Filter>
    </ClCompile>
    <ClCompile Include="..\src\wxJSON\jsonwriter.cpp">
      <Filter>Source Files</Filter>
    </ClCompile>
    <ClCompile Include="..\src\wxJSON\jsonreader.cpp">
      <Filter>Source Files</Filter>
    </ClCompile>
    <ClCompile Include="..\src\wxJSON\jsonval.cpp">
      <Filter>Source Files</Filter>
    </ClCompile>
    <ClCompile Include="..\src\chartsymbols.cpp">
      <Filter>Source Files</Filter>
    </ClCompile>
    <ClCompile Include="..\src\razdsparser.cpp">
      <Filter>Source Files</Filter>
    </ClCompile>
    <ClCompile Include="..\src\styles.cpp">
      <Filter>Source Files</Filter>
    </ClCompile>
    <ClCompile Include="..\src\toolbar.cpp">
      <Filter>Source Files</Filter>
    </ClCompile>
    <ClCompile Include="..\src\compasswin.cpp">
      <Filter>Source Files</Filter>
    </ClCompile>
    <ClCompile Include="..\src\geodesic.cpp">
      <Filter>Source Files</Filter>
    </ClCompile>
    <ClCompile Include="..\src\datastream.cpp">
      <Filter>Source Files</Filter>
    </ClCompile>
    <ClCompile Include="..\src\OCPN_DataStreamEvent.cpp">
      <Filter>Source Files</Filter>
    </ClCompile>
    <ClCompile Include="..\src\ConnectionParams.cpp">
      <Filter>Source Files</Filter>
    </ClCompile>
    <ClCompile Include="..\src\OCP_DataStreamInput_Thread.cpp">
      <Filter>Source Files</Filter>
    </ClCompile>
    <ClCompile Include="..\src\multiplexer.cpp">
      <Filter>Source Files</Filter>
    </ClCompile>
    <ClCompile Include="..\src\pugixml.cpp">
      <Filter>Source Files</Filter>
    </ClCompile>
    <ClCompile Include="..\src\OCPNRegion.cpp">
      <Filter>Source Files</Filter>
    </ClCompile>
    <ClCompile Include="..\src\TrackPropDlg.cpp">
      <Filter>Source Files</Filter>
    </ClCompile>
    <ClCompile Include="..\src\LinkPropDlg.cpp">
      <Filter>Source Files</Filter>
    </ClCompile>
    <ClCompile Include="..\src\scrollingdialog.cpp">
      <Filter>Source Files</Filter>
    </ClCompile>
    <ClCompile Include="..\src\glChartCanvas.cpp">
      <Filter>Source Files</Filter>
    </ClCompile>
    <ClCompile Include="..\src\glTextureDescriptor.cpp">
      <Filter>Source Files</Filter>
    </ClCompile>
    <ClCompile Include="..\src\glTexCache.cpp">
      <Filter>Source Files</Filter>
    </ClCompile>
    <ClCompile Include="..\src\tinyxml.cpp">
      <Filter>Source Files</Filter>
    </ClCompile>
    <ClCompile Include="..\src\tinyxmlerror.cpp">
      <Filter>Source Files</Filter>
    </ClCompile>
    <ClCompile Include="..\src\tinyxmlparser.cpp">
      <Filter>Source Files</Filter>
    </ClCompile>
  </ItemGroup>
  <ItemGroup>
    <ClInclude Include="..\include\ocpn_types.h">
      <Filter>Header Files</Filter>
    </ClInclude>
    <ClInclude Include="..\include\ocpndc.h">
      <Filter>Header Files</Filter>
    </ClInclude>
    <ClInclude Include="..\include\chart1.h">
      <Filter>Header Files</Filter>
    </ClInclude>
    <ClInclude Include="..\include\bbox.h">
      <Filter>Header Files</Filter>
    </ClInclude>
    <ClInclude Include="..\include\ocpn_pixel.h">
      <Filter>Header Files</Filter>
    </ClInclude>
    <ClInclude Include="..\include\chartdb.h">
      <Filter>Header Files</Filter>
    </ClInclude>
    <ClInclude Include="..\include\chartdbs.h">
      <Filter>Header Files</Filter>
    </ClInclude>
    <ClInclude Include="..\include\chartimg.h">
      <Filter>Header Files</Filter>
    </ClInclude>
    <ClInclude Include="..\include\chcanv.h">
      <Filter>Header Files</Filter>
    </ClInclude>
    <ClInclude Include="..\include\timers.h">
      <Filter>Header Files</Filter>
    </ClInclude>
    <ClInclude Include="..\include\emboss_data.h">
      <Filter>Header Files</Filter>
    </ClInclude>
    <ClInclude Include="..\include\AISTargetQueryDialog.h">
      <Filter>Header Files</Filter>
    </ClInclude>
    <ClInclude Include="..\include\AIS_Bitstring.h">
      <Filter>Header Files</Filter>
    </ClInclude>
    <ClInclude Include="..\include\AISTargetListDialog.h">
      <Filter>Header Files</Filter>
    </ClInclude>
    <ClInclude Include="..\include\OCPNListCtrl.h">
      <Filter>Header Files</Filter>
    </ClInclude>
    <ClInclude Include="..\include\AISTargetAlertDialog.h">
      <Filter>Header Files</Filter>
    </ClInclude>
    <ClInclude Include="..\include\AIS_Decoder.h">
      <Filter>Header Files</Filter>
    </ClInclude>
    <ClInclude Include="..\include\AIS_Target_Data.h">
      <Filter>Header Files</Filter>
    </ClInclude>
    <ClInclude Include="..\include\CM93DSlide.h">
      <Filter>Header Files</Filter>
    </ClInclude>
    <ClInclude Include="..\include\GoToPositionDialog.h">
      <Filter>Header Files</Filter>
    </ClInclude>
    <ClInclude Include="..\include\RolloverWin.h">
      <Filter>Header Files</Filter>
    </ClInclude>
    <ClInclude Include="..\include\S57QueryDialog.h">
      <Filter>Header Files</Filter>
    </ClInclude>
    <ClInclude Include="..\include\S57ObjectDesc.h">
      <Filter>Header Files</Filter>
    </ClInclude>
    <ClInclude Include="..\include\S57Light.h">
      <Filter>Header Files</Filter>
    </ClInclude>
    <ClInclude Include="..\include\s57RegistrarMgr.h">
      <Filter>Header Files</Filter>
    </ClInclude>
    <ClInclude Include="..\include\S57ClassRegistrar.h">
      <Filter>Header Files</Filter>
    </ClInclude>
    <ClInclude Include="..\include\MarkIcon.h">
      <Filter>Header Files</Filter>
    </ClInclude>
    <ClInclude Include="..\include\SendToGpsDlg.h">
      <Filter>Header Files</Filter>
    </ClInclude>
    <ClInclude Include="..\include\TCWin.h">
      <Filter>Header Files</Filter>
    </ClInclude>
    <ClInclude Include="..\include\tide_time.h">
      <Filter>Header Files</Filter>
    </ClInclude>
    <ClInclude Include="..\include\ChInfoWin.h">
      <Filter>Header Files</Filter>
    </ClInclude>
    <ClInclude Include="..\include\ocpCursor.h">
      <Filter>Header Files</Filter>
    </ClInclude>
    <ClInclude Include="..\include\Quilt.h">
      <Filter>Header Files</Filter>
    </ClInclude>
    <ClInclude Include="..\include\Hyperlink.h">
      <Filter>Header Files</Filter>
    </ClInclude>
    <ClInclude Include="..\include\NavObjectCollection.h">
      <Filter>Header Files</Filter>
    </ClInclude>
    <ClInclude Include="..\include\RoutePoint.h">
      <Filter>Header Files</Filter>
    </ClInclude>
    <ClInclude Include="..\include\Route.h">
      <Filter>Header Files</Filter>
    </ClInclude>
    <ClInclude Include="..\include\SelectItem.h">
      <Filter>Header Files</Filter>
    </ClInclude>
    <ClInclude Include="..\include\Select.h">
      <Filter>Header Files</Filter>
    </ClInclude>
    <ClInclude Include="..\include\FontMgr.h">
      <Filter>Header Files</Filter>
    </ClInclude>
    <ClInclude Include="..\include\FontDesc.h">
      <Filter>Header Files</Filter>
    </ClInclude>
    <ClInclude Include="..\include\vector2D.h">
      <Filter>Header Files</Filter>
    </ClInclude>
    <ClInclude Include="..\include\OCPNSoundData.h">
      <Filter>Header Files</Filter>
    </ClInclude>
    <ClInclude Include="..\include\OCPN_Sound.h">
      <Filter>Header Files</Filter>
    </ClInclude>
    <ClInclude Include="..\include\NMEALogWindow.h">
      <Filter>Header Files</Filter>
    </ClInclude>
    <ClInclude Include="..\include\WindowDestroyListener.h">
      <Filter>Header Files</Filter>
    </ClInclude>
    <ClInclude Include="..\include\TTYWindow.h">
      <Filter>Header Files</Filter>
    </ClInclude>
    <ClInclude Include="..\include\TTYScroll.h">
      <Filter>Header Files</Filter>
    </ClInclude>
    <ClInclude Include="..\include\Layer.h">
      <Filter>Header Files</Filter>
    </ClInclude>
    <ClInclude Include="..\include\concanv.h">
      <Filter>Header Files</Filter>
    </ClInclude>
    <ClInclude Include="..\include\cutil.h">
      <Filter>Header Files</Filter>
    </ClInclude>
    <ClInclude Include="..\include\georef.h">
      <Filter>Header Files</Filter>
    </ClInclude>
    <ClInclude Include="..\include\navutil.h">
      <Filter>Header Files</Filter>
    </ClInclude>
    <ClInclude Include="..\include\routeman.h">
      <Filter>Header Files</Filter>
    </ClInclude>
    <ClInclude Include="..\include\routemanagerdialog.h">
      <Filter>Header Files</Filter>
    </ClInclude>
    <ClInclude Include="..\include\routeprop.h">
      <Filter>Header Files</Filter>
    </ClInclude>
    <ClInclude Include="..\include\routeprintout.h">
      <Filter>Header Files</Filter>
    </ClInclude>
    <ClInclude Include="..\include\PositionParser.h">
      <Filter>Header Files</Filter>
    </ClInclude>
    <ClInclude Include="..\include\printtable.h">
      <Filter>Header Files</Filter>
    </ClInclude>
    <ClInclude Include="..\include\statwin.h">
      <Filter>Header Files</Filter>
    </ClInclude>
    <ClInclude Include="..\include\tcmgr.h">
      <Filter>Header Files</Filter>
    </ClInclude>
    <ClInclude Include="..\include\Station_Data.h">
      <Filter>Header Files</Filter>
    </ClInclude>
    <ClInclude Include="..\include\IDX_entry.h">
      <Filter>Header Files</Filter>
    </ClInclude>
    <ClInclude Include="..\include\TC_Error_Code.h">
      <Filter>Header Files</Filter>
    </ClInclude>
    <ClInclude Include="..\include\TCDataFactory.h">
      <Filter>Header Files</Filter>
    </ClInclude>
    <ClInclude Include="..\include\TCDS_Ascii_Harmonic.h">
      <Filter>Header Files</Filter>
    </ClInclude>
    <ClInclude Include="..\include\TCDS_Binary_Harmonic.h">
      <Filter>Header Files</Filter>
    </ClInclude>
    <ClInclude Include="..\include\TCDataSource.h">
      <Filter>Header Files</Filter>
    </ClInclude>
    <ClInclude Include="..\include\thumbwin.h">
      <Filter>Header Files</Filter>
    </ClInclude>
    <ClInclude Include="..\include\options.h">
      <Filter>Header Files</Filter>
    </ClInclude>
    <ClInclude Include="..\include\gshhs.h">
      <Filter>Header Files</Filter>
    </ClInclude>
    <ClInclude Include="..\include\kml.h">
      <Filter>Header Files</Filter>
    </ClInclude>
    <ClInclude Include="..\include\undo.h">
      <Filter>Header Files</Filter>
    </ClInclude>
    <ClInclude Include="..\include\about.h">
      <Filter>Header Files</Filter>
    </ClInclude>
    <ClInclude Include="..\include\ais.h">
      <Filter>Header Files</Filter>
    </ClInclude>
    <ClInclude Include="..\include\pluginmanager.h">
      <Filter>Header Files</Filter>
    </ClInclude>
    <ClInclude Include="..\include\ocpn_plugin.h">
      <Filter>Header Files</Filter>
    </ClInclude>
    <ClInclude Include="..\include\gpxdocument.h">
      <Filter>Header Files</Filter>
    </ClInclude>
    <ClInclude Include="..\include\wx\json_defs.h">
      <Filter>Header Files</Filter>
    </ClInclude>
    <ClInclude Include="..\include\wx\jsonwriter.h">
      <Filter>Header Files</Filter>
    </ClInclude>
    <ClInclude Include="..\include\wx\jsonreader.h">
      <Filter>Header Files</Filter>
    </ClInclude>
    <ClInclude Include="..\include\chartsymbols.h">
      <Filter>Header Files</Filter>
    </ClInclude>
    <ClInclude Include="..\include\razdsparser.h">
      <Filter>Header Files</Filter>
    </ClInclude>
    <ClInclude Include="..\include\styles.h">
      <Filter>Header Files</Filter>
    </ClInclude>
    <ClInclude Include="..\include\toolbar.h">
      <Filter>Header Files</Filter>
    </ClInclude>
    <ClInclude Include="..\include\compasswin.h">
      <Filter>Header Files</Filter>
    </ClInclude>
    <ClInclude Include="..\include\geodesic.h">
      <Filter>Header Files</Filter>
    </ClInclude>
    <ClInclude Include="..\include\datastream.h">
      <Filter>Header Files</Filter>
    </ClInclude>
    <ClInclude Include="..\include\OCPN_DataStreamEvent.h">
      <Filter>Header Files</Filter>
    </ClInclude>
    <ClInclude Include="..\include\ConnectionParams.h">
      <Filter>Header Files</Filter>
    </ClInclude>
    <ClInclude Include="..\include\OCP_DataStreamInput_Thread.h">
      <Filter>Header Files</Filter>
    </ClInclude>
    <ClInclude Include="..\include\dsPortType.h">
      <Filter>Header Files</Filter>
    </ClInclude>
    <ClInclude Include="..\include\multiplexer.h">
      <Filter>Header Files</Filter>
    </ClInclude>
    <ClInclude Include="..\include\OCPNRegion.h">
      <Filter>Header Files</Filter>
    </ClInclude>
    <ClInclude Include="..\include\TrackPropDlg.h">
      <Filter>Header Files</Filter>
    </ClInclude>
    <ClInclude Include="..\include\LinkPropDlg.h">
      <Filter>Header Files</Filter>
    </ClInclude>
    <ClInclude Include="..\include\scrollingdialog.h">
      <Filter>Header Files</Filter>
    </ClInclude>
    <ClInclude Include="..\include\glChartCanvas.h">
      <Filter>Header Files</Filter>
    </ClInclude>
    <ClInclude Include="..\include\glTextureDescriptor.h">
      <Filter>Header Files</Filter>
    </ClInclude>
    <ClInclude Include="..\include\glTexCache.h">
      <Filter>Header Files</Filter>
    </ClInclude>
    <ClInclude Include="..\include\tinyxml.h">
      <Filter>Header Files</Filter>
    </ClInclude>
  </ItemGroup>
  <ItemGroup>
    <CustomBuild Include="..\CMakeLists.txt" />
  </ItemGroup>
  <ItemGroup>
    <ResourceCompile Include="..\src\opencpn.rc">
      <Filter>Source Files</Filter>
    </ResourceCompile>
  </ItemGroup>
  <ItemGroup>
    <Filter Include="Source Files">
      <UniqueIdentifier>{F0C449FD-6824-46AF-A179-464EB52BA98D}</UniqueIdentifier>
    </Filter>
    <Filter Include="Header Files">
      <UniqueIdentifier>{9832F29D-05B4-4906-9277-ADE8EA99A054}</UniqueIdentifier>
    </Filter>
  </ItemGroup>
</Project>
