<?xml version="1.0" encoding="utf-8"?>
<Project ToolsVersion="4.0" xmlns="http://schemas.microsoft.com/developer/msbuild/2003">
  <ItemGroup>
    <CustomBuild Include="..\CMakeLists.txt" />
    <CustomBuild Include="CMakeFiles\e91a93eca5b3afe90d6861bb20bdfcc2\opencpn_gl_ES.po.dummy.rule">
      <Filter>CMake Rules</Filter>
    </CustomBuild>
    <CustomBuild Include="CMakeFiles\e91a93eca5b3afe90d6861bb20bdfcc2\opencpn_et_EE.po.dummy.rule">
      <Filter>CMake Rules</Filter>
    </CustomBuild>
    <CustomBuild Include="CMakeFiles\e91a93eca5b3afe90d6861bb20bdfcc2\opencpn_hu_HU.po.dummy.rule">
      <Filter>CMake Rules</Filter>
    </CustomBuild>
    <CustomBuild Include="CMakeFiles\e91a93eca5b3afe90d6861bb20bdfcc2\opencpn_ru_RU.po.dummy.rule">
      <Filter>CMake Rules</Filter>
    </CustomBuild>
    <CustomBuild Include="CMakeFiles\e91a93eca5b3afe90d6861bb20bdfcc2\opencpn_nl_NL.po.dummy.rule">
      <Filter>CMake Rules</Filter>
    </CustomBuild>
    <CustomBuild Include="CMakeFiles\e91a93eca5b3afe90d6861bb20bdfcc2\opencpn_cs_CZ.po.dummy.rule">
      <Filter>CMake Rules</Filter>
    </CustomBuild>
    <CustomBuild Include="CMakeFiles\e91a93eca5b3afe90d6861bb20bdfcc2\opencpn_nb_NO.po.dummy.rule">
      <Filter>CMake Rules</Filter>
    </CustomBuild>
    <CustomBuild Include="CMakeFiles\e91a93eca5b3afe90d6861bb20bdfcc2\opencpn_fr_FR.po.dummy.rule">
      <Filter>CMake Rules</Filter>
    </CustomBuild>
    <CustomBuild Include="CMakeFiles\e91a93eca5b3afe90d6861bb20bdfcc2\opencpn_es_ES.po.dummy.rule">
      <Filter>CMake Rules</Filter>
    </CustomBuild>
    <CustomBuild Include="CMakeFiles\e91a93eca5b3afe90d6861bb20bdfcc2\opencpn_pt_BR.po.dummy.rule">
      <Filter>CMake Rules</Filter>
    </CustomBuild>
    <CustomBuild Include="CMakeFiles\e91a93eca5b3afe90d6861bb20bdfcc2\opencpn_it_IT.po.dummy.rule">
      <Filter>CMake Rules</Filter>
    </CustomBuild>
    <CustomBuild Include="CMakeFiles\e91a93eca5b3afe90d6861bb20bdfcc2\opencpn_fi_FI.po.dummy.rule">
      <Filter>CMake Rules</Filter>
    </CustomBuild>
    <CustomBuild Include="CMakeFiles\e91a93eca5b3afe90d6861bb20bdfcc2\opencpn_zh_TW.po.dummy.rule">
      <Filter>CMake Rules</Filter>
    </CustomBuild>
    <CustomBuild Include="CMakeFiles\e91a93eca5b3afe90d6861bb20bdfcc2\opencpn_sv_SE.po.dummy.rule">
      <Filter>CMake Rules</Filter>
    </CustomBuild>
    <CustomBuild Include="CMakeFiles\e91a93eca5b3afe90d6861bb20bdfcc2\opencpn_el_GR.po.dummy.rule">
      <Filter>CMake Rules</Filter>
    </CustomBuild>
    <CustomBuild Include="CMakeFiles\e91a93eca5b3afe90d6861bb20bdfcc2\opencpn_pt_PT.po.dummy.rule">
      <Filter>CMake Rules</Filter>
    </CustomBuild>
    <CustomBuild Include="CMakeFiles\e91a93eca5b3afe90d6861bb20bdfcc2\opencpn_de_DE.po.dummy.rule">
      <Filter>CMake Rules</Filter>
    </CustomBuild>
    <CustomBuild Include="CMakeFiles\e91a93eca5b3afe90d6861bb20bdfcc2\opencpn_pl_PL.po.dummy.rule">
      <Filter>CMake Rules</Filter>
    </CustomBuild>
    <CustomBuild Include="CMakeFiles\e91a93eca5b3afe90d6861bb20bdfcc2\opencpn_da_DK.po.dummy.rule">
      <Filter>CMake Rules</Filter>
    </CustomBuild>
    <CustomBuild Include="CMakeFiles\e91a93eca5b3afe90d6861bb20bdfcc2\opencpn_tr_TR.po.dummy.rule">
      <Filter>CMake Rules</Filter>
    </CustomBuild>
    <CustomBuild Include="CMakeFiles\e91a93eca5b3afe90d6861bb20bdfcc2\opencpn_ca_ES.po.dummy.rule">
      <Filter>CMake Rules</Filter>
    </CustomBuild>
    <CustomBuild Include="CMakeFiles\685fb8b2a525daf00fefaffb1dc07934\po-update.rule">
      <Filter>CMake Rules</Filter>
    </CustomBuild>
  </ItemGroup>
  <ItemGroup>
    <None Include="CMakeFiles\po-update" />
  </ItemGroup>
  <ItemGroup>
    <Filter Include="CMake Rules">
      <UniqueIdentifier>{5CE925C3-5C65-463A-BFEC-9651CB7DD5DE}</UniqueIdentifier>
    </Filter>
  </ItemGroup>
</Project>
