<?xml version="1.0" encoding="utf-8"?>
<Project ToolsVersion="4.0" xmlns="http://schemas.microsoft.com/developer/msbuild/2003">
  <ItemGroup>
    <ClCompile Include="..\src\TexFont.cpp">
      <Filter>Source Files</Filter>
    </ClCompile>
    <ClCompile Include="..\src\s52cnsy.cpp">
      <Filter>Source Files</Filter>
    </ClCompile>
    <ClCompile Include="..\src\s52plib.cpp">
      <Filter>Source Files</Filter>
    </ClCompile>
    <ClCompile Include="..\src\s52utils.cpp">
      <Filter>Source Files</Filter>
    </ClCompile>
    <ClCompile Include="..\src\s57chart.cpp">
      <Filter>Source Files</Filter>
    </ClCompile>
    <ClCompile Include="..\src\cm93.cpp">
      <Filter>Source Files</Filter>
    </ClCompile>
    <ClCompile Include="..\src\mygeom.cpp">
      <Filter>Source Files</Filter>
    </ClCompile>
    <ClCompile Include="..\src\tri.c">
      <Filter>Source Files</Filter>
    </ClCompile>
    <ClCompile Include="..\src\myiso8211\ddffielddefn.cpp">
      <Filter>Source Files</Filter>
    </ClCompile>
    <ClCompile Include="..\src\myiso8211\ddfmodule.cpp">
      <Filter>Source Files</Filter>
    </ClCompile>
    <ClCompile Include="..\src\myiso8211\ddfrecord.cpp">
      <Filter>Source Files</Filter>
    </ClCompile>
    <ClCompile Include="..\src\myiso8211\ddfsubfielddefn.cpp">
      <Filter>Source Files</Filter>
    </ClCompile>
    <ClCompile Include="..\src\myiso8211\ddffield.cpp">
      <Filter>Source Files</Filter>
    </ClCompile>
    <ClCompile Include="..\src\myiso8211\ddfutils.cpp">
      <Filter>Source Files</Filter>
    </ClCompile>
    <ClCompile Include="..\src\mygdal\ddfrecordindex.cpp">
      <Filter>Source Files</Filter>
    </ClCompile>
    <ClCompile Include="..\src\mygdal\cpl_conv.cpp">
      <Filter>Source Files</Filter>
    </ClCompile>
    <ClCompile Include="..\src\mygdal\cpl_csv.cpp">
      <Filter>Source Files</Filter>
    </ClCompile>
    <ClCompile Include="..\src\mygdal\cpl_error.cpp">
      <Filter>Source Files</Filter>
    </ClCompile>
    <ClCompile Include="..\src\mygdal\cpl_findfile.cpp">
      <Filter>Source Files</Filter>
    </ClCompile>
    <ClCompile Include="..\src\mygdal\cpl_minixml.cpp">
      <Filter>Source Files</Filter>
    </ClCompile>
    <ClCompile Include="..\src\mygdal\cpl_path.cpp">
      <Filter>Source Files</Filter>
    </ClCompile>
    <ClCompile Include="..\src\mygdal\cpl_string.cpp">
      <Filter>Source Files</Filter>
    </ClCompile>
    <ClCompile Include="..\src\mygdal\cpl_vsisimple.cpp">
      <Filter>Source Files</Filter>
    </ClCompile>
    <ClCompile Include="..\src\mygdal\cplgetsymbol.cpp">
      <Filter>Source Files</Filter>
    </ClCompile>
    <ClCompile Include="..\src\mygdal\ograssemblepolygon.cpp">
      <Filter>Source Files</Filter>
    </ClCompile>
    <ClCompile Include="..\src\mygdal\ogrcurve.cpp">
      <Filter>Source Files</Filter>
    </ClCompile>
    <ClCompile Include="..\src\mygdal\ogrfeature.cpp">
      <Filter>Source Files</Filter>
    </ClCompile>
    <ClCompile Include="..\src\mygdal\ogrfeaturedefn.cpp">
      <Filter>Source Files</Filter>
    </ClCompile>
    <ClCompile Include="..\src\mygdal\ogrfielddefn.cpp">
      <Filter>Source Files</Filter>
    </ClCompile>
    <ClCompile Include="..\src\mygdal\ogrgeometry.cpp">
      <Filter>Source Files</Filter>
    </ClCompile>
    <ClCompile Include="..\src\mygdal\ogrgeometrycollection.cpp">
      <Filter>Source Files</Filter>
    </ClCompile>
    <ClCompile Include="..\src\mygdal\ogrgeometryfactory.cpp">
      <Filter>Source Files</Filter>
    </ClCompile>
    <ClCompile Include="..\src\mygdal\ogrlinearring.cpp">
      <Filter>Source Files</Filter>
    </ClCompile>
    <ClCompile Include="..\src\mygdal\ogrlinestring.cpp">
      <Filter>Source Files</Filter>
    </ClCompile>
    <ClCompile Include="..\src\mygdal\ogrmultilinestring.cpp">
      <Filter>Source Files</Filter>
    </ClCompile>
    <ClCompile Include="..\src\mygdal\ogrmultipoint.cpp">
      <Filter>Source Files</Filter>
    </ClCompile>
    <ClCompile Include="..\src\mygdal\ogrmultipolygon.cpp">
      <Filter>Source Files</Filter>
    </ClCompile>
    <ClCompile Include="..\src\mygdal\ogrpoint.cpp">
      <Filter>Source Files</Filter>
    </ClCompile>
    <ClCompile Include="..\src\mygdal\ogrpolygon.cpp">
      <Filter>Source Files</Filter>
    </ClCompile>
    <ClCompile Include="..\src\mygdal\ogrs57datasource.cpp">
      <Filter>Source Files</Filter>
    </ClCompile>
    <ClCompile Include="..\src\mygdal\ogrlayer.cpp">
      <Filter>Source Files</Filter>
    </ClCompile>
    <ClCompile Include="..\src\mygdal\ogrs57layer.cpp">
      <Filter>Source Files</Filter>
    </ClCompile>
    <ClCompile Include="..\src\mygdal\ogrutils.cpp">
      <Filter>Source Files</Filter>
    </ClCompile>
    <ClCompile Include="..\src\mygdal\s57classregistrar.cpp">
      <Filter>Source Files</Filter>
    </ClCompile>
    <ClCompile Include="..\src\mygdal\s57featuredefns.cpp">
      <Filter>Source Files</Filter>
    </ClCompile>
    <ClCompile Include="..\src\mygdal\s57reader.cpp">
      <Filter>Source Files</Filter>
    </ClCompile>
    <ClCompile Include="..\src\mygdal\gdal_misc.cpp">
      <Filter>Source Files</Filter>
    </ClCompile>
  </ItemGroup>
  <ItemGroup>
    <ClInclude Include="..\include\TexFont.h">
      <Filter>Header Files</Filter>
    </ClInclude>
    <ClInclude Include="..\include\s52plib.h">
      <Filter>Header Files</Filter>
    </ClInclude>
    <ClInclude Include="..\include\s52utils.h">
      <Filter>Header Files</Filter>
    </ClInclude>
    <ClInclude Include="..\include\s57chart.h">
      <Filter>Header Files</Filter>
    </ClInclude>
    <ClInclude Include="..\include\mygeom.h">
      <Filter>Header Files</Filter>
    </ClInclude>
    <ClInclude Include="..\include\cm93.h">
      <Filter>Header Files</Filter>
    </ClInclude>
    <ClInclude Include="..\src\mygdal\cpl_config.h">
      <Filter>Header Files</Filter>
    </ClInclude>
    <ClInclude Include="..\src\mygdal\gdal_priv.h">
      <Filter>Header Files</Filter>
    </ClInclude>
    <ClInclude Include="..\src\mygdal\cpl_conv.h">
      <Filter>Header Files</Filter>
    </ClInclude>
    <ClInclude Include="..\src\mygdal\iso8211.h">
      <Filter>Header Files</Filter>
    </ClInclude>
    <ClInclude Include="..\src\mygdal\cpl_csv.h">
      <Filter>Header Files</Filter>
    </ClInclude>
    <ClInclude Include="..\src\mygdal\ogr_api.h">
      <Filter>Header Files</Filter>
    </ClInclude>
    <ClInclude Include="..\src\mygdal\cpl_error.h">
      <Filter>Header Files</Filter>
    </ClInclude>
    <ClInclude Include="..\src\mygdal\ogr_attrind.h">
      <Filter>Header Files</Filter>
    </ClInclude>
    <ClInclude Include="..\src\mygdal\cpl_list.h">
      <Filter>Header Files</Filter>
    </ClInclude>
    <ClInclude Include="..\src\mygdal\cpl_minixml.h">
      <Filter>Header Files</Filter>
    </ClInclude>
    <ClInclude Include="..\src\mygdal\ogr_feature.h">
      <Filter>Header Files</Filter>
    </ClInclude>
    <ClInclude Include="..\src\mygdal\cpl_multiproc.h">
      <Filter>Header Files</Filter>
    </ClInclude>
    <ClInclude Include="..\src\mygdal\ogr_geometry.h">
      <Filter>Header Files</Filter>
    </ClInclude>
    <ClInclude Include="..\src\mygdal\cpl_odbc.h">
      <Filter>Header Files</Filter>
    </ClInclude>
    <ClInclude Include="..\src\mygdal\ogr_p.h">
      <Filter>Header Files</Filter>
    </ClInclude>
    <ClInclude Include="..\src\mygdal\ogr_core.h">
      <Filter>Header Files</Filter>
    </ClInclude>
    <ClInclude Include="..\src\mygdal\cpl_port.h">
      <Filter>Header Files</Filter>
    </ClInclude>
    <ClInclude Include="..\src\mygdal\ogr_s57.h">
      <Filter>Header Files</Filter>
    </ClInclude>
    <ClInclude Include="..\src\mygdal\cpl_string.h">
      <Filter>Header Files</Filter>
    </ClInclude>
    <ClInclude Include="..\src\mygdal\ogr_spatialref.h">
      <Filter>Header Files</Filter>
    </ClInclude>
    <ClInclude Include="..\src\mygdal\cpl_vsi.h">
      <Filter>Header Files</Filter>
    </ClInclude>
    <ClInclude Include="..\src\mygdal\ogrsf_frmts.h">
      <Filter>Header Files</Filter>
    </ClInclude>
    <ClInclude Include="..\src\mygdal\gdal.h">
      <Filter>Header Files</Filter>
    </ClInclude>
    <ClInclude Include="..\src\mygdal\s57.h">
      <Filter>Header Files</Filter>
    </ClInclude>
    <ClInclude Include="..\src\mygdal\gdal_frmts.h">
      <Filter>Header Files</Filter>
    </ClInclude>
  </ItemGroup>
  <ItemGroup>
    <CustomBuild Include="..\CMakeLists.txt" />
  </ItemGroup>
  <ItemGroup>
    <Filter Include="Source Files">
      <UniqueIdentifier>{F0C449FD-6824-46AF-A179-464EB52BA98D}</UniqueIdentifier>
    </Filter>
    <Filter Include="Header Files">
      <UniqueIdentifier>{9832F29D-05B4-4906-9277-ADE8EA99A054}</UniqueIdentifier>
    </Filter>
  </ItemGroup>
</Project>
